Microsoft Visual Studio Solution File, Format Version 12.00
# Visual Studio Version 16
VisualStudioVersion = 16.0.0.0
MinimumVisualStudioVersion = 16.0.0.0
Project("{9A19103F-16F7-4668-BE54-9A1E7A4F7556}") = "LabCenter.Server", "Server\LabCenter.Server.csproj", "{86D75A43-2C76-4748-A51C-C9F326006BD7}"
EndProject
Project("{9A19103F-16F7-4668-BE54-9A1E7A4F7556}") = "LabCenter.Client", "Client\LabCenter.Client.csproj", "{397312A9-E9B5-47B2-8CA9-C6FA34A2C31F}"
EndProject
Project("{9A19103F-16F7-4668-BE54-9A1E7A4F7556}") = "LabCenter.Shared", "Shared\LabCenter.Shared.csproj", "{D27AE2B4-09CB-4CC5-847B-7F5F750228CA}"
EndProject
Global
	GlobalSection(SolutionConfigurationPlatforms) = preSolution
		Debug|Any CPU = Debug|Any CPU
		Debug|x64 = Debug|x64
		Debug|x86 = Debug|x86
		Release|Any CPU = Release|Any CPU
		Release|x64 = Release|x64
		Release|x86 = Release|x86
	EndGlobalSection
	GlobalSection(ProjectConfigurationPlatforms) = postSolution
		{86D75A43-2C76-4748-A51C-C9F326006BD7}.Debug|Any CPU.ActiveCfg = Debug|Any CPU
		{86D75A43-2C76-4748-A51C-C9F326006BD7}.Debug|Any CPU.Build.0 = Debug|Any CPU
		{86D75A43-2C76-4748-A51C-C9F326006BD7}.Debug|x64.ActiveCfg = Debug|Any CPU
		{86D75A43-2C76-4748-A51C-C9F326006BD7}.Debug|x64.Build.0 = Debug|Any CPU
		{86D75A43-2C76-4748-A51C-C9F326006BD7}.Debug|x86.ActiveCfg = Debug|Any CPU
		{86D75A43-2C76-4748-A51C-C9F326006BD7}.Debug|x86.Build.0 = Debug|Any CPU
		{86D75A43-2C76-4748-A51C-C9F326006BD7}.Release|Any CPU.ActiveCfg = Release|Any CPU
		{86D75A43-2C76-4748-A51C-C9F326006BD7}.Release|Any CPU.Build.0 = Release|Any CPU
		{86D75A43-2C76-4748-A51C-C9F326006BD7}.Release|x64.ActiveCfg = Release|Any CPU
		{86D75A43-2C76-4748-A51C-C9F326006BD7}.Release|x64.Build.0 = Release|Any CPU
		{86D75A43-2C76-4748-A51C-C9F326006BD7}.Release|x86.ActiveCfg = Release|Any CPU
		{86D75A43-2C76-4748-A51C-C9F326006BD7}.Release|x86.Build.0 = Release|Any CPU
		{397312A9-E9B5-47B2-8CA9-C6FA34A2C31F}.Debug|Any CPU.ActiveCfg = Debug|Any CPU
		{397312A9-E9B5-47B2-8CA9-C6FA34A2C31F}.Debug|Any CPU.Build.0 = Debug|Any CPU
		{397312A9-E9B5-47B2-8CA9-C6FA34A2C31F}.Debug|x64.ActiveCfg = Debug|Any CPU
		{397312A9-E9B5-47B2-8CA9-C6FA34A2C31F}.Debug|x64.Build.0 = Debug|Any CPU
		{397312A9-E9B5-47B2-8CA9-C6FA34A2C31F}.Debug|x86.ActiveCfg = Debug|Any CPU
		{397312A9-E9B5-47B2-8CA9-C6FA34A2C31F}.Debug|x86.Build.0 = Debug|Any CPU
		{397312A9-E9B5-47B2-8CA9-C6FA34A2C31F}.Release|Any CPU.ActiveCfg = Release|Any CPU
		{397312A9-E9B5-47B2-8CA9-C6FA34A2C31F}.Release|Any CPU.Build.0 = Release|Any CPU
		{397312A9-E9B5-47B2-8CA9-C6FA34A2C31F}.Release|x64.ActiveCfg = Release|Any CPU
		{397312A9-E9B5-47B2-8CA9-C6FA34A2C31F}.Release|x64.Build.0 = Release|Any CPU
		{397312A9-E9B5-47B2-8CA9-C6FA34A2C31F}.Release|x86.ActiveCfg = Release|Any CPU
		{397312A9-E9B5-47B2-8CA9-C6FA34A2C31F}.Release|x86.Build.0 = Release|Any CPU
		{D27AE2B4-09CB-4CC5-847B-7F5F750228CA}.Debug|Any CPU.ActiveCfg = Debug|Any CPU
		{D27AE2B4-09CB-4CC5-847B-7F5F750228CA}.Debug|Any CPU.Build.0 = Debug|Any CPU
		{D27AE2B4-09CB-4CC5-847B-7F5F750228CA}.Debug|x64.ActiveCfg = Debug|Any CPU
		{D27AE2B4-09CB-4CC5-847B-7F5F750228CA}.Debug|x64.Build.0 = Debug|Any CPU
		{D27AE2B4-09CB-4CC5-847B-7F5F750228CA}.Debug|x86.ActiveCfg = Debug|Any CPU
		{D27AE2B4-09CB-4CC5-847B-7F5F750228CA}.Debug|x86.Build.0 = Debug|Any CPU
		{D27AE2B4-09CB-4CC5-847B-7F5F750228CA}.Release|Any CPU.ActiveCfg = Release|Any CPU
		{D27AE2B4-09CB-4CC5-847B-7F5F750228CA}.Release|Any CPU.Build.0 = Release|Any CPU
		{D27AE2B4-09CB-4CC5-847B-7F5F750228CA}.Release|x64.ActiveCfg = Release|Any CPU
		{D27AE2B4-09CB-4CC5-847B-7F5F750228CA}.Release|x64.Build.0 = Release|Any CPU
		{D27AE2B4-09CB-4CC5-847B-7F5F750228CA}.Release|x86.ActiveCfg = Release|Any CPU
		{D27AE2B4-09CB-4CC5-847B-7F5F750228CA}.Release|x86.Build.0 = Release|Any CPU
	EndGlobalSection
	GlobalSection(SolutionProperties) = preSolution
		HideSolutionNode = FALSE
	EndGlobalSection
	GlobalSection(ExtensibilityGlobals) = postSolution
		SolutionGuid = {17298242-ED43-4358-A66E-941915EAD9C6}
	EndGlobalSection
EndGlobal
